
Microsoft Visual Studio Solution File, Format Version 12.00
# Visual Studio Version 17
VisualStudioVersion = 17.9.34723.18
MinimumVisualStudioVersion = 10.0.40219.1
Project("{FAE04EC0-301F-11D3-BF4B-00C04F79EFBC}") = "PROG2APOEQ1", "PROG2APOEQ1.csproj", "{24557A19-4267-4BD5-B954-FD9D0FAADA90}"
EndProject
Project("{FAE04EC0-301F-11D3-BF4B-00C04F79EFBC}") = "Caltotcheck", "..\Caltotcheck\Caltotcheck.csproj", "{77F9D303-E807-405D-9C23-E47D8F7DA3C1}"
EndProject
Global
	GlobalSection(SolutionConfigurationPlatforms) = preSolution
		Debug|Any CPU = Debug|Any CPU
		Release|Any CPU = Release|Any CPU
	EndGlobalSection
	GlobalSection(ProjectConfigurationPlatforms) = postSolution
		{24557A19-4267-4BD5-B954-FD9D0FAADA90}.Debug|Any CPU.ActiveCfg = Debug|Any CPU
		{24557A19-4267-4BD5-B954-FD9D0FAADA90}.Debug|Any CPU.Build.0 = Debug|Any CPU
		{24557A19-4267-4BD5-B954-FD9D0FAADA90}.Release|Any CPU.ActiveCfg = Release|Any CPU
		{24557A19-4267-4BD5-B954-FD9D0FAADA90}.Release|Any CPU.Build.0 = Release|Any CPU
		{77F9D303-E807-405D-9C23-E47D8F7DA3C1}.Debug|Any CPU.ActiveCfg = Debug|Any CPU
		{77F9D303-E807-405D-9C23-E47D8F7DA3C1}.Debug|Any CPU.Build.0 = Debug|Any CPU
		{77F9D303-E807-405D-9C23-E47D8F7DA3C1}.Release|Any CPU.ActiveCfg = Release|Any CPU
		{77F9D303-E807-405D-9C23-E47D8F7DA3C1}.Release|Any CPU.Build.0 = Release|Any CPU
	EndGlobalSection
	GlobalSection(SolutionProperties) = preSolution
		HideSolutionNode = FALSE
	EndGlobalSection
	GlobalSection(ExtensibilityGlobals) = postSolution
		SolutionGuid = {547AB05F-054B-41B7-A995-060D856A0F3F}
	EndGlobalSection
EndGlobal
